# This file is automatically @generated by Poetry 1.8.5 and should not be changed by hand.

[[package]]
name = "dacite"
version = "1.9.2"
description = "Simple creation of data classes from dictionaries."
optional = false
python-versions = ">=3.7"
files = [
    {file = "dacite-1.9.2-py3-none-any.whl", hash = "sha256:053f7c3f5128ca2e9aceb66892b1a3c8936d02c686e707bee96e19deef4bc4a0"},
    {file = "dacite-1.9.2.tar.gz", hash = "sha256:6ccc3b299727c7aa17582f0021f6ae14d5de47c7227932c47fec4cdfefd26f09"},
]

[package.extras]
dev = ["black", "coveralls", "mypy", "pre-commit", "pylint", "pytest (>=5)", "pytest-benchmark", "pytest-cov"]

[[package]]
name = "pycparser"
version = "2.22"
description = "C parser in Python"
optional = false
python-versions = ">=3.8"
files = [
    {file = "pycparser-2.22-py3-none-any.whl", hash = "sha256:c3702b6d3dd8c7abc1afa565d7e63d53a1d0bd86cdc24edd75470f4de499cfcc"},
    {file = "pycparser-2.22.tar.gz", hash = "sha256:491c8be9c040f5390f5bf44a5b07752bd07f56edf992381b05c701439eec10f6"},
]

[metadata]
lock-version = "2.0"
python-versions = "^3.8"
content-hash = "3ffb702cc5276bd424919f52a2c877e11538f99b2627a3cf9ed6fecbe58fc329"
